
Microsoft Visual Studio Solution File, Format Version 12.00
# Visual Studio Version 16
VisualStudioVersion = 16.0.29827.131
MinimumVisualStudioVersion = 10.0.40219.1
Project("{FAE04EC0-301F-11D3-BF4B-00C04F79EFBC}") = "Coaching", "Coaching\Coaching.csproj", "{2D7116E5-7E07-4147-8834-504D5435ACE2}"
EndProject
Global
	GlobalSection(SolutionConfigurationPlatforms) = preSolution
		Debug|Any CPU = Debug|Any CPU
		Release|Any CPU = Release|Any CPU
	EndGlobalSection
	GlobalSection(ProjectConfigurationPlatforms) = postSolution
		{2D7116E5-7E07-4147-8834-504D5435ACE2}.Debug|Any CPU.ActiveCfg = Debug|Any CPU
		{2D7116E5-7E07-4147-8834-504D5435ACE2}.Debug|Any CPU.Build.0 = Debug|Any CPU
		{2D7116E5-7E07-4147-8834-504D5435ACE2}.Release|Any CPU.ActiveCfg = Release|Any CPU
		{2D7116E5-7E07-4147-8834-504D5435ACE2}.Release|Any CPU.Build.0 = Release|Any CPU
	EndGlobalSection
	GlobalSection(SolutionProperties) = preSolution
		HideSolutionNode = FALSE
	EndGlobalSection
	GlobalSection(ExtensibilityGlobals) = postSolution
		SolutionGuid = {C65B4992-93B3-4B22-B998-1E05EA6870D8}
	EndGlobalSection
EndGlobal
